
Microsoft Visual Studio Solution File, Format Version 12.00
# Visual Studio Version 16
VisualStudioVersion = 16.0.32228.343
MinimumVisualStudioVersion = 10.0.40219.1
Project("{2150E333-8FDC-42A3-9474-1A3956D46DE8}") = "Business Logic", "Business Logic", "{A98FDDE6-6C84-4AFA-BFEE-5BA2AC06F389}"
EndProject
Project("{2150E333-8FDC-42A3-9474-1A3956D46DE8}") = "Data Layer", "Data Layer", "{843A7985-81FA-49D1-960E-FD33C2519DCA}"
EndProject
Project("{2150E333-8FDC-42A3-9474-1A3956D46DE8}") = "Presentation", "Presentation", "{26FC1BC2-A657-4780-9F00-98D488B252EF}"
EndProject
Project("{FAE04EC0-301F-11D3-BF4B-00C04F79EFBC}") = "Pea2.Dominio", "Pea2.Dominio\Pea2.Dominio.csproj", "{48CA9338-87C0-4EA4-8D6E-338251B40296}"
EndProject
Project("{FAE04EC0-301F-11D3-BF4B-00C04F79EFBC}") = "Pea2.Logic", "Pea2.Logic\Pea2.Logic.csproj", "{60D6C3A3-4EA4-4011-BBA7-94F7A1CBC782}"
EndProject
Project("{FAE04EC0-301F-11D3-BF4B-00C04F79EFBC}") = "Pea2.Data", "Pea2.Data\Pea2.Data.csproj", "{03C74A0E-9454-452A-8249-8C1CE6A156AE}"
EndProject
Project("{FAE04EC0-301F-11D3-BF4B-00C04F79EFBC}") = "Pea2.AppWin", "Pea2.AppWin2\Pea2.AppWin.csproj", "{1811BE0B-4757-400B-B457-9FC909625CBC}"
EndProject
Global
	GlobalSection(SolutionConfigurationPlatforms) = preSolution
		Debug|Any CPU = Debug|Any CPU
		Release|Any CPU = Release|Any CPU
	EndGlobalSection
	GlobalSection(ProjectConfigurationPlatforms) = postSolution
		{48CA9338-87C0-4EA4-8D6E-338251B40296}.Debug|Any CPU.ActiveCfg = Debug|Any CPU
		{48CA9338-87C0-4EA4-8D6E-338251B40296}.Debug|Any CPU.Build.0 = Debug|Any CPU
		{48CA9338-87C0-4EA4-8D6E-338251B40296}.Release|Any CPU.ActiveCfg = Release|Any CPU
		{48CA9338-87C0-4EA4-8D6E-338251B40296}.Release|Any CPU.Build.0 = Release|Any CPU
		{60D6C3A3-4EA4-4011-BBA7-94F7A1CBC782}.Debug|Any CPU.ActiveCfg = Debug|Any CPU
		{60D6C3A3-4EA4-4011-BBA7-94F7A1CBC782}.Debug|Any CPU.Build.0 = Debug|Any CPU
		{60D6C3A3-4EA4-4011-BBA7-94F7A1CBC782}.Release|Any CPU.ActiveCfg = Release|Any CPU
		{60D6C3A3-4EA4-4011-BBA7-94F7A1CBC782}.Release|Any CPU.Build.0 = Release|Any CPU
		{03C74A0E-9454-452A-8249-8C1CE6A156AE}.Debug|Any CPU.ActiveCfg = Debug|Any CPU
		{03C74A0E-9454-452A-8249-8C1CE6A156AE}.Debug|Any CPU.Build.0 = Debug|Any CPU
		{03C74A0E-9454-452A-8249-8C1CE6A156AE}.Release|Any CPU.ActiveCfg = Release|Any CPU
		{03C74A0E-9454-452A-8249-8C1CE6A156AE}.Release|Any CPU.Build.0 = Release|Any CPU
		{1811BE0B-4757-400B-B457-9FC909625CBC}.Debug|Any CPU.ActiveCfg = Debug|Any CPU
		{1811BE0B-4757-400B-B457-9FC909625CBC}.Debug|Any CPU.Build.0 = Debug|Any CPU
		{1811BE0B-4757-400B-B457-9FC909625CBC}.Release|Any CPU.ActiveCfg = Release|Any CPU
		{1811BE0B-4757-400B-B457-9FC909625CBC}.Release|Any CPU.Build.0 = Release|Any CPU
	EndGlobalSection
	GlobalSection(SolutionProperties) = preSolution
		HideSolutionNode = FALSE
	EndGlobalSection
	GlobalSection(NestedProjects) = preSolution
		{48CA9338-87C0-4EA4-8D6E-338251B40296} = {A98FDDE6-6C84-4AFA-BFEE-5BA2AC06F389}
		{60D6C3A3-4EA4-4011-BBA7-94F7A1CBC782} = {A98FDDE6-6C84-4AFA-BFEE-5BA2AC06F389}
		{03C74A0E-9454-452A-8249-8C1CE6A156AE} = {843A7985-81FA-49D1-960E-FD33C2519DCA}
		{1811BE0B-4757-400B-B457-9FC909625CBC} = {26FC1BC2-A657-4780-9F00-98D488B252EF}
	EndGlobalSection
	GlobalSection(ExtensibilityGlobals) = postSolution
		SolutionGuid = {EA3A0027-E60A-45DE-96E1-6CE12A763288}
	EndGlobalSection
EndGlobal
